
Microsoft Visual Studio Solution File, Format Version 12.00
# Visual Studio 15
VisualStudioVersion = 15.0.28307.1082
MinimumVisualStudioVersion = 10.0.40219.1
Project("{FAE04EC0-301F-11D3-BF4B-00C04F79EFBC}") = "Assignment3", "Assignment3\Assignment3.csproj", "{1094EDB6-5F4F-4BAF-8045-A87FF956C552}"
EndProject
Global
	GlobalSection(SolutionConfigurationPlatforms) = preSolution
		Debug|x86 = Debug|x86
		Release|x86 = Release|x86
	EndGlobalSection
	GlobalSection(ProjectConfigurationPlatforms) = postSolution
		{1094EDB6-5F4F-4BAF-8045-A87FF956C552}.Debug|x86.ActiveCfg = Debug|x86
		{1094EDB6-5F4F-4BAF-8045-A87FF956C552}.Debug|x86.Build.0 = Debug|x86
		{1094EDB6-5F4F-4BAF-8045-A87FF956C552}.Release|x86.ActiveCfg = Release|x86
		{1094EDB6-5F4F-4BAF-8045-A87FF956C552}.Release|x86.Build.0 = Release|x86
	EndGlobalSection
	GlobalSection(SolutionProperties) = preSolution
		HideSolutionNode = FALSE
	EndGlobalSection
	GlobalSection(ExtensibilityGlobals) = postSolution
		SolutionGuid = {F52B23B2-2189-4C7A-AA1D-A833DC206F9E}
	EndGlobalSection
EndGlobal
